
Microsoft Visual Studio Solution File, Format Version 12.00
# Visual Studio Version 17
VisualStudioVersion = 17.0.31903.59
MinimumVisualStudioVersion = 10.0.40219.1
Project("{2150E333-8FDC-42A3-9474-1A3956D46DE8}") = "BLL_net", "BLL_net", "{F1EFFB1A-70E5-4C94-1517-F8D74C46534B}"
EndProject
Project("{FAE04EC0-301F-11D3-BF4B-00C04F79EFBC}") = "BLL_net", "BLL_net\BLL_net\BLL_net.csproj", "{0DEBBED9-39E5-4161-B86A-D9AA130CAB5E}"
EndProject
Project("{FAE04EC0-301F-11D3-BF4B-00C04F79EFBC}") = "DAL_net", "DAL_net\DAL_net\DAL_net.csproj", "{3A9EE9F3-5278-40DC-A7AC-B0915AE59BEB}"
EndProject
Project("{FAE04EC0-301F-11D3-BF4B-00C04F79EFBC}") = "API_net", "API_net\API_net\API_net.csproj", "{0E42DB49-49D5-4645-AA58-BD3810D93915}"
EndProject
Project("{FAE04EC0-301F-11D3-BF4B-00C04F79EFBC}") = "BLL_net.Tests", "UnitTests\BLL_net.Tests\BLL_net.Tests.csproj", "{BFC4276C-7D88-4600-A84E-02C90DEE189E}"
EndProject
Global
	GlobalSection(SolutionConfigurationPlatforms) = preSolution
		Debug|Any CPU = Debug|Any CPU
		Debug|x64 = Debug|x64
		Debug|x86 = Debug|x86
		Release|Any CPU = Release|Any CPU
		Release|x64 = Release|x64
		Release|x86 = Release|x86
	EndGlobalSection
	GlobalSection(ProjectConfigurationPlatforms) = postSolution
		{0DEBBED9-39E5-4161-B86A-D9AA130CAB5E}.Debug|Any CPU.ActiveCfg = Debug|Any CPU
		{0DEBBED9-39E5-4161-B86A-D9AA130CAB5E}.Debug|Any CPU.Build.0 = Debug|Any CPU
		{0DEBBED9-39E5-4161-B86A-D9AA130CAB5E}.Debug|x64.ActiveCfg = Debug|Any CPU
		{0DEBBED9-39E5-4161-B86A-D9AA130CAB5E}.Debug|x64.Build.0 = Debug|Any CPU
		{0DEBBED9-39E5-4161-B86A-D9AA130CAB5E}.Debug|x86.ActiveCfg = Debug|Any CPU
		{0DEBBED9-39E5-4161-B86A-D9AA130CAB5E}.Debug|x86.Build.0 = Debug|Any CPU
		{0DEBBED9-39E5-4161-B86A-D9AA130CAB5E}.Release|Any CPU.ActiveCfg = Release|Any CPU
		{0DEBBED9-39E5-4161-B86A-D9AA130CAB5E}.Release|Any CPU.Build.0 = Release|Any CPU
		{0DEBBED9-39E5-4161-B86A-D9AA130CAB5E}.Release|x64.ActiveCfg = Release|Any CPU
		{0DEBBED9-39E5-4161-B86A-D9AA130CAB5E}.Release|x64.Build.0 = Release|Any CPU
		{0DEBBED9-39E5-4161-B86A-D9AA130CAB5E}.Release|x86.ActiveCfg = Release|Any CPU
		{0DEBBED9-39E5-4161-B86A-D9AA130CAB5E}.Release|x86.Build.0 = Release|Any CPU
		{3A9EE9F3-5278-40DC-A7AC-B0915AE59BEB}.Debug|Any CPU.ActiveCfg = Debug|Any CPU
		{3A9EE9F3-5278-40DC-A7AC-B0915AE59BEB}.Debug|Any CPU.Build.0 = Debug|Any CPU
		{3A9EE9F3-5278-40DC-A7AC-B0915AE59BEB}.Debug|x64.ActiveCfg = Debug|Any CPU
		{3A9EE9F3-5278-40DC-A7AC-B0915AE59BEB}.Debug|x64.Build.0 = Debug|Any CPU
		{3A9EE9F3-5278-40DC-A7AC-B0915AE59BEB}.Debug|x86.ActiveCfg = Debug|Any CPU
		{3A9EE9F3-5278-40DC-A7AC-B0915AE59BEB}.Debug|x86.Build.0 = Debug|Any CPU
		{3A9EE9F3-5278-40DC-A7AC-B0915AE59BEB}.Release|Any CPU.ActiveCfg = Release|Any CPU
		{3A9EE9F3-5278-40DC-A7AC-B0915AE59BEB}.Release|Any CPU.Build.0 = Release|Any CPU
		{3A9EE9F3-5278-40DC-A7AC-B0915AE59BEB}.Release|x64.ActiveCfg = Release|Any CPU
		{3A9EE9F3-5278-40DC-A7AC-B0915AE59BEB}.Release|x64.Build.0 = Release|Any CPU
		{3A9EE9F3-5278-40DC-A7AC-B0915AE59BEB}.Release|x86.ActiveCfg = Release|Any CPU
		{3A9EE9F3-5278-40DC-A7AC-B0915AE59BEB}.Release|x86.Build.0 = Release|Any CPU
		{0E42DB49-49D5-4645-AA58-BD3810D93915}.Debug|Any CPU.ActiveCfg = Debug|Any CPU
		{0E42DB49-49D5-4645-AA58-BD3810D93915}.Debug|Any CPU.Build.0 = Debug|Any CPU
		{0E42DB49-49D5-4645-AA58-BD3810D93915}.Debug|x64.ActiveCfg = Debug|Any CPU
		{0E42DB49-49D5-4645-AA58-BD3810D93915}.Debug|x64.Build.0 = Debug|Any CPU
		{0E42DB49-49D5-4645-AA58-BD3810D93915}.Debug|x86.ActiveCfg = Debug|Any CPU
		{0E42DB49-49D5-4645-AA58-BD3810D93915}.Debug|x86.Build.0 = Debug|Any CPU
		{0E42DB49-49D5-4645-AA58-BD3810D93915}.Release|Any CPU.ActiveCfg = Release|Any CPU
		{0E42DB49-49D5-4645-AA58-BD3810D93915}.Release|Any CPU.Build.0 = Release|Any CPU
		{0E42DB49-49D5-4645-AA58-BD3810D93915}.Release|x64.ActiveCfg = Release|Any CPU
		{0E42DB49-49D5-4645-AA58-BD3810D93915}.Release|x64.Build.0 = Release|Any CPU
		{0E42DB49-49D5-4645-AA58-BD3810D93915}.Release|x86.ActiveCfg = Release|Any CPU
		{0E42DB49-49D5-4645-AA58-BD3810D93915}.Release|x86.Build.0 = Release|Any CPU
		{BFC4276C-7D88-4600-A84E-02C90DEE189E}.Debug|Any CPU.ActiveCfg = Debug|Any CPU
		{BFC4276C-7D88-4600-A84E-02C90DEE189E}.Debug|Any CPU.Build.0 = Debug|Any CPU
		{BFC4276C-7D88-4600-A84E-02C90DEE189E}.Debug|x64.ActiveCfg = Debug|Any CPU
		{BFC4276C-7D88-4600-A84E-02C90DEE189E}.Debug|x64.Build.0 = Debug|Any CPU
		{BFC4276C-7D88-4600-A84E-02C90DEE189E}.Debug|x86.ActiveCfg = Debug|Any CPU
		{BFC4276C-7D88-4600-A84E-02C90DEE189E}.Debug|x86.Build.0 = Debug|Any CPU
		{BFC4276C-7D88-4600-A84E-02C90DEE189E}.Release|Any CPU.ActiveCfg = Release|Any CPU
		{BFC4276C-7D88-4600-A84E-02C90DEE189E}.Release|Any CPU.Build.0 = Release|Any CPU
		{BFC4276C-7D88-4600-A84E-02C90DEE189E}.Release|x64.ActiveCfg = Release|Any CPU
		{BFC4276C-7D88-4600-A84E-02C90DEE189E}.Release|x64.Build.0 = Release|Any CPU
		{BFC4276C-7D88-4600-A84E-02C90DEE189E}.Release|x86.ActiveCfg = Release|Any CPU
		{BFC4276C-7D88-4600-A84E-02C90DEE189E}.Release|x86.Build.0 = Release|Any CPU
	EndGlobalSection
	GlobalSection(SolutionProperties) = preSolution
		HideSolutionNode = FALSE
	EndGlobalSection
	GlobalSection(NestedProjects) = preSolution
		{0DEBBED9-39E5-4161-B86A-D9AA130CAB5E} = {F1EFFB1A-70E5-4C94-1517-F8D74C46534B}
		{3A9EE9F3-5278-40DC-A7AC-B0915AE59BEB} = {F1EFFB1A-70E5-4C94-1517-F8D74C46534B}
		{0E42DB49-49D5-4645-AA58-BD3810D93915} = {F1EFFB1A-70E5-4C94-1517-F8D74C46534B}
		{BFC4276C-7D88-4600-A84E-02C90DEE189E} = {F1EFFB1A-70E5-4C94-1517-F8D74C46534B}
	EndGlobalSection
EndGlobal
