
Microsoft Visual Studio Solution File, Format Version 12.00
Project("{FAE04EC0-301F-11D3-BF4B-00C04F79EFBC}") = "BLL_net", "BLL_net\BLL_net.csproj", "{2E5E62FB-EE60-413E-AF52-CE5418D4509E}"
EndProject
Global
	GlobalSection(SolutionConfigurationPlatforms) = preSolution
		Debug|Any CPU = Debug|Any CPU
		Release|Any CPU = Release|Any CPU
	EndGlobalSection
	GlobalSection(ProjectConfigurationPlatforms) = postSolution
		{2E5E62FB-EE60-413E-AF52-CE5418D4509E}.Debug|Any CPU.ActiveCfg = Debug|Any CPU
		{2E5E62FB-EE60-413E-AF52-CE5418D4509E}.Debug|Any CPU.Build.0 = Debug|Any CPU
		{2E5E62FB-EE60-413E-AF52-CE5418D4509E}.Release|Any CPU.ActiveCfg = Release|Any CPU
		{2E5E62FB-EE60-413E-AF52-CE5418D4509E}.Release|Any CPU.Build.0 = Release|Any CPU
	EndGlobalSection
EndGlobal
